
Microsoft Visual Studio Solution File, Format Version 12.00
Project("{FAE04EC0-301F-11D3-BF4B-00C04F79EFBC}") = "CliperCSharp", "CliperCSharp\CliperCSharp.csproj", "{39A2EA2C-5C7B-4A6B-B78A-D5B85B83DABF}"
EndProject
Global
	GlobalSection(SolutionConfigurationPlatforms) = preSolution
		Debug|Any CPU = Debug|Any CPU
		Release|Any CPU = Release|Any CPU
	EndGlobalSection
	GlobalSection(ProjectConfigurationPlatforms) = postSolution
		{39A2EA2C-5C7B-4A6B-B78A-D5B85B83DABF}.Debug|Any CPU.ActiveCfg = Debug|Any CPU
		{39A2EA2C-5C7B-4A6B-B78A-D5B85B83DABF}.Debug|Any CPU.Build.0 = Debug|Any CPU
		{39A2EA2C-5C7B-4A6B-B78A-D5B85B83DABF}.Release|Any CPU.ActiveCfg = Release|Any CPU
		{39A2EA2C-5C7B-4A6B-B78A-D5B85B83DABF}.Release|Any CPU.Build.0 = Release|Any CPU
	EndGlobalSection
EndGlobal
